Microsoft Visual Studio Solution File, Format Version 12.00
# Visual Studio Version 17
VisualStudioVersion = 17.13.35617.110
MinimumVisualStudioVersion = 10.0.40219.1
Project("{FAE04EC0-301F-11D3-BF4B-00C04F79EFBC}") = "Store.API", "Store.API\Store.API.csproj", "{75C77514-2A58-4539-9D10-230B56B8B28C}"
EndProject
Project("{FAE04EC0-301F-11D3-BF4B-00C04F79EFBC}") = "Store.Infrastructure", "..\Store.Infrastructure\Store.Infrastructure.csproj", "{9CCD7C16-A163-4F3D-B2A9-5EB4D51E23DD}"
EndProject
Project("{FAE04EC0-301F-11D3-BF4B-00C04F79EFBC}") = "Store.Application", "..\Store.Application\Store.Application.csproj", "{647E97C3-A52E-401E-829E-FEC486626788}"
EndProject
Project("{FAE04EC0-301F-11D3-BF4B-00C04F79EFBC}") = "Store.Domain", "..\Store.Domain\Store.Domain.csproj", "{BE196EB1-E874-4C09-A79A-91200956219D}"
EndProject
Global
	GlobalSection(SolutionConfigurationPlatforms) = preSolution
		Debug|Any CPU = Debug|Any CPU
		Release|Any CPU = Release|Any CPU
	EndGlobalSection
	GlobalSection(ProjectConfigurationPlatforms) = postSolution
		{75C77514-2A58-4539-9D10-230B56B8B28C}.Debug|Any CPU.ActiveCfg = Debug|Any CPU
		{75C77514-2A58-4539-9D10-230B56B8B28C}.Debug|Any CPU.Build.0 = Debug|Any CPU
		{75C77514-2A58-4539-9D10-230B56B8B28C}.Release|Any CPU.ActiveCfg = Release|Any CPU
		{75C77514-2A58-4539-9D10-230B56B8B28C}.Release|Any CPU.Build.0 = Release|Any CPU
		{9CCD7C16-A163-4F3D-B2A9-5EB4D51E23DD}.Debug|Any CPU.ActiveCfg = Debug|Any CPU
		{9CCD7C16-A163-4F3D-B2A9-5EB4D51E23DD}.Debug|Any CPU.Build.0 = Debug|Any CPU
		{9CCD7C16-A163-4F3D-B2A9-5EB4D51E23DD}.Release|Any CPU.ActiveCfg = Release|Any CPU
		{9CCD7C16-A163-4F3D-B2A9-5EB4D51E23DD}.Release|Any CPU.Build.0 = Release|Any CPU
		{647E97C3-A52E-401E-829E-FEC486626788}.Debug|Any CPU.ActiveCfg = Debug|Any CPU
		{647E97C3-A52E-401E-829E-FEC486626788}.Debug|Any CPU.Build.0 = Debug|Any CPU
		{647E97C3-A52E-401E-829E-FEC486626788}.Release|Any CPU.ActiveCfg = Release|Any CPU
		{647E97C3-A52E-401E-829E-FEC486626788}.Release|Any CPU.Build.0 = Release|Any CPU
		{BE196EB1-E874-4C09-A79A-91200956219D}.Debug|Any CPU.ActiveCfg = Debug|Any CPU
		{BE196EB1-E874-4C09-A79A-91200956219D}.Debug|Any CPU.Build.0 = Debug|Any CPU
		{BE196EB1-E874-4C09-A79A-91200956219D}.Release|Any CPU.ActiveCfg = Release|Any CPU
		{BE196EB1-E874-4C09-A79A-91200956219D}.Release|Any CPU.Build.0 = Release|Any CPU
	EndGlobalSection
	GlobalSection(SolutionProperties) = preSolution
		HideSolutionNode = FALSE
	EndGlobalSection
	GlobalSection(ExtensibilityGlobals) = postSolution
		SolutionGuid = {0DA491C7-187D-47E0-9148-C61651CBB488}
	EndGlobalSection
EndGlobal
